<?xml version="1.0" encoding="UTF-8"?>
<CONFIG>
  <ProjectOptions>
    <Version Value="11"/>
    <General>
      <SessionStorage Value="InProjectDir"/>
      <MainUnit Value="0"/>
      <Title Value="Maquina"/>
      <Scaled Value="True"/>
      <ResourceType Value="res"/>
      <UseXPManifest Value="True"/>
      <XPManifest>
        <DpiAware Value="True"/>
      </XPManifest>
      <Icon Value="0"/>
    </General>
    <BuildModes Count="1">
      <Item1 Name="Default" Default="True"/>
    </BuildModes>
    <PublishOptions>
      <Version Value="2"/>
      <UseFileFilters Value="True"/>
    </PublishOptions>
    <RunParams>
      <FormatVersion Value="2"/>
      <Modes Count="0"/>
    </RunParams>
    <RequiredPackages Count="3">
      <Item1>
        <PackageName Value="fortes324forlaz"/>
      </Item1>
      <Item2>
        <PackageName Value="FCL"/>
      </Item2>
      <Item3>
        <PackageName Value="LCL"/>
      </Item3>
    </RequiredPackages>
    <Units Count="16">
      <Unit0>
        <Filename Value="Maquina.lpr"/>
        <IsPartOfProject Value="True"/>
      </Unit0>
      <Unit1>
        <Filename Value="principal.pas"/>
        <IsPartOfProject Value="True"/>
        <ComponentName Value="frmPrincipal"/>
        <HasResources Value="True"/>
        <ResourceBaseClass Value="Form"/>
        <UnitName Value="Principal"/>
      </Unit1>
      <Unit2>
        <Filename Value="buscacliente.pas"/>
        <IsPartOfProject Value="True"/>
        <ComponentName Value="frmBuscaCli"/>
        <HasResources Value="True"/>
        <ResourceBaseClass Value="Form"/>
        <UnitName Value="BuscaCliente"/>
      </Unit2>
      <Unit3>
        <Filename Value="module1.pas"/>
        <IsPartOfProject Value="True"/>
        <ComponentName Value="DataModule1"/>
        <HasResources Value="True"/>
        <ResourceBaseClass Value="DataModule"/>
        <UnitName Value="Module1"/>
      </Unit3>
      <Unit4>
        <Filename Value="cadcli.pas"/>
        <IsPartOfProject Value="True"/>
        <ComponentName Value="frmCadCli"/>
        <HasResources Value="True"/>
        <ResourceBaseClass Value="Form"/>
        <UnitName Value="CadCli"/>
      </Unit4>
      <Unit5>
        <Filename Value="funcoes.pas"/>
        <IsPartOfProject Value="True"/>
        <UnitName Value="Funcoes"/>
      </Unit5>
      <Unit6>
        <Filename Value="buscapro.pas"/>
        <IsPartOfProject Value="True"/>
        <ComponentName Value="frmBuscaPro"/>
        <HasResources Value="True"/>
        <ResourceBaseClass Value="Form"/>
        <UnitName Value="BuscaPro"/>
      </Unit6>
      <Unit7>
        <Filename Value="cadpro.pas"/>
        <IsPartOfProject Value="True"/>
        <ComponentName Value="frmCadPro"/>
        <HasResources Value="True"/>
        <ResourceBaseClass Value="Form"/>
        <UnitName Value="CadPro"/>
      </Unit7>
      <Unit8>
        <Filename Value="romaneio.pas"/>
        <IsPartOfProject Value="True"/>
        <ComponentName Value="frmRomaneio"/>
        <HasResources Value="True"/>
        <ResourceBaseClass Value="Form"/>
        <UnitName Value="Romaneio"/>
      </Unit8>
      <Unit9>
        <Filename Value="impromaneio.pas"/>
        <IsPartOfProject Value="True"/>
        <ComponentName Value="frmImpRomaneio"/>
        <HasResources Value="True"/>
        <ResourceBaseClass Value="Form"/>
        <UnitName Value="impRomaneio"/>
      </Unit9>
      <Unit10>
        <Filename Value="cadlotecoco.pas"/>
        <IsPartOfProject Value="True"/>
        <ComponentName Value="frmCadLoteCoco"/>
        <HasResources Value="True"/>
        <ResourceBaseClass Value="Form"/>
        <UnitName Value="CadLoteCoco"/>
      </Unit10>
      <Unit11>
        <Filename Value="buscacadlotecoco.pas"/>
        <IsPartOfProject Value="True"/>
        <ComponentName Value="frmBuscaCadLoteCoco"/>
        <HasResources Value="True"/>
        <ResourceBaseClass Value="Form"/>
        <UnitName Value="BuscaCadLoteCoco"/>
      </Unit11>
      <Unit12>
        <Filename Value="mudalote.pas"/>
        <IsPartOfProject Value="True"/>
        <ComponentName Value="frmMudaLote"/>
        <HasResources Value="True"/>
        <ResourceBaseClass Value="Form"/>
        <UnitName Value="MudaLote"/>
      </Unit12>
      <Unit13>
        <Filename Value="acerto.pas"/>
        <IsPartOfProject Value="True"/>
        <ComponentName Value="frmAcerto"/>
        <HasResources Value="True"/>
        <ResourceBaseClass Value="Form"/>
        <UnitName Value="Acerto"/>
      </Unit13>
      <Unit14>
        <Filename Value="compra.pas"/>
        <IsPartOfProject Value="True"/>
        <ComponentName Value="frmCompra"/>
        <HasResources Value="True"/>
        <ResourceBaseClass Value="Form"/>
        <UnitName Value="Compra"/>
      </Unit14>
      <Unit15>
        <Filename Value="impacerto.pas"/>
        <IsPartOfProject Value="True"/>
        <ComponentName Value="frmImpAcerto"/>
        <ResourceBaseClass Value="Form"/>
        <UnitName Value="impAcerto"/>
      </Unit15>
    </Units>
  </ProjectOptions>
  <CompilerOptions>
    <Version Value="11"/>
    <Target>
      <Filename Value="Maquina"/>
    </Target>
    <SearchPaths>
      <IncludeFiles Value="$(ProjOutDir)"/>
      <UnitOutputDirectory Value="lib/$(TargetCPU)-$(TargetOS)"/>
    </SearchPaths>
    <Linking>
      <Options>
        <Win32>
          <GraphicApplication Value="True"/>
        </Win32>
      </Options>
    </Linking>
  </CompilerOptions>
  <Debugging>
    <Exceptions Count="3">
      <Item1>
        <Name Value="EAbort"/>
      </Item1>
      <Item2>
        <Name Value="ECodetoolError"/>
      </Item2>
      <Item3>
        <Name Value="EFOpenError"/>
      </Item3>
    </Exceptions>
  </Debugging>
</CONFIG>
